// !$*UTF8*$!
{
	archiveVersion = 1;
	classes = {
	};
	objectVersion = 50;
	objects = {

/* Begin PBXBuildFile section */
		9A02B5BA22BF8932003CF96D /* WeatherReport.swift in Sources */ = {isa = PBXBuildFile; fileRef = 9A02B5B922BF8931003CF96D /* WeatherReport.swift */; };
		9A4775DC22BD239300B87593 /* MainVC.swift in Sources */ = {isa = PBXBuildFile; fileRef = 9A4775DB22BD239300B87593 /* MainVC.swift */; };
		9A4775DE22BD24CA00B87593 /* WeatherVC.swift in Sources */ = {isa = PBXBuildFile; fileRef = 9A4775DD22BD24CA00B87593 /* WeatherVC.swift */; };
		9A5891CF22BD092F00D3F5DF /* AppDelegate.swift in Sources */ = {isa = PBXBuildFile; fileRef = 9A5891CE22BD092F00D3F5DF /* AppDelegate.swift */; };
		9A5891D422BD092F00D3F5DF /* Main.storyboard in Resources */ = {isa = PBXBuildFile; fileRef = 9A5891D222BD092F00D3F5DF /* Main.storyboard */; };
		9A5891D622BD093400D3F5DF /* Assets.xcassets in Resources */ = {isa = PBXBuildFile; fileRef = 9A5891D522BD093400D3F5DF /* Assets.xcassets */; };
		9A5891D922BD093400D3F5DF /* LaunchScreen.storyboard in Resources */ = {isa = PBXBuildFile; fileRef = 9A5891D722BD093400D3F5DF /* LaunchScreen.storyboard */; };
/* End PBXBuildFile section */

/* Begin PBXFileReference section */
		9A02B5B922BF8931003CF96D /* WeatherReport.swift */ = {isa = PBXFileReference; lastKnownFileType = sourcecode.swift; path = WeatherReport.swift; sourceTree = "<group>"; };
		9A4775DB22BD239300B87593 /* MainVC.swift */ = {isa = PBXFileReference; lastKnownFileType = sourcecode.swift; path = MainVC.swift; sourceTree = "<group>"; };
		9A4775DD22BD24CA00B87593 /* WeatherVC.swift */ = {isa = PBXFileReference; lastKnownFileType = sourcecode.swift; path = WeatherVC.swift; sourceTree = "<group>"; };
		9A5891CB22BD092F00D3F5DF /* SunCloud.app */ = {isa = PBXFileReference; explicitFileType = wrapper.application; includeInIndex = 0; path = SunCloud.app; sourceTree = BUILT_PRODUCTS_DIR; };
		9A5891CE22BD092F00D3F5DF /* AppDelegate.swift */ = {isa = PBXFileReference; lastKnownFileType = sourcecode.swift; path = AppDelegate.swift; sourceTree = "<group>"; };
		9A5891D322BD092F00D3F5DF /* Base */ = {isa = PBXFileReference; lastKnownFileType = file.storyboard; name = Base; path = Base.lproj/Main.storyboard; sourceTree = "<group>"; };
		9A5891D522BD093400D3F5DF /* Assets.xcassets */ = {isa = PBXFileReference; lastKnownFileType = folder.assetcatalog; path = Assets.xcassets; sourceTree = "<group>"; };
		9A5891D822BD093400D3F5DF /* Base */ = {isa = PBXFileReference; lastKnownFileType = file.storyboard; name = Base; path = Base.lproj/LaunchScreen.storyboard; sourceTree = "<group>"; };
		9A5891DA22BD093400D3F5DF /* Info.plist */ = {isa = PBXFileReference; lastKnownFileType = text.plist.xml; path = Info.plist; sourceTree = "<group>"; };
/* End PBXFileReference section */

/* Begin PBXFrameworksBuildPhase section */
		9A5891C822BD092F00D3F5DF /* Frameworks */ = {
			isa = PBXFrameworksBuildPhase;
			buildActionMask = 2147483647;
			files = (
			);
			runOnlyForDeploymentPostprocessing = 0;
		};
/* End PBXFrameworksBuildPhase section */

/* Begin PBXGroup section */
		9A5891C222BD092F00D3F5DF = {
			isa = PBXGroup;
			children = (
				9A5891CD22BD092F00D3F5DF /* SunCloud */,
				9A5891CC22BD092F00D3F5DF /* Products */,
			);
			sourceTree = "<group>";
		};
		9A5891CC22BD092F00D3F5DF /* Products */ = {
			isa = PBXGroup;
			children = (
				9A5891CB22BD092F00D3F5DF /* SunCloud.app */,
			);
			name = Products;
			sourceTree = "<group>";
		};
		9A5891CD22BD092F00D3F5DF /* SunCloud */ = {
			isa = PBXGroup;
			children = (
				9A5891CE22BD092F00D3F5DF /* AppDelegate.swift */,
				9A5891D222BD092F00D3F5DF /* Main.storyboard */,
				9A5891D522BD093400D3F5DF /* Assets.xcassets */,
				9A5891D722BD093400D3F5DF /* LaunchScreen.storyboard */,
				9A5891DA22BD093400D3F5DF /* Info.plist */,
				9A4775DB22BD239300B87593 /* MainVC.swift */,
				9A4775DD22BD24CA00B87593 /* WeatherVC.swift */,
				9A02B5B922BF8931003CF96D /* WeatherReport.swift */,
			);
			path = SunCloud;
			sourceTree = "<group>";
		};
/* End PBXGroup section */

/* Begin PBXNativeTarget section */
		9A5891CA22BD092F00D3F5DF /* SunCloud */ = {
			isa = PBXNativeTarget;
			buildConfigurationList = 9A5891DD22BD093400D3F5DF /* Build configuration list for PBXNativeTarget "SunCloud" */;
			buildPhases = (
				9A5891C722BD092F00D3F5DF /* Sources */,
				9A5891C822BD092F00D3F5DF /* Frameworks */,
				9A5891C922BD092F00D3F5DF /* Resources */,
			);
			buildRules = (
			);
			dependencies = (
			);
			name = SunCloud;
			productName = SunCloud;
			productReference = 9A5891CB22BD092F00D3F5DF /* SunCloud.app */;
			productType = "com.apple.product-type.application";
		};
/* End PBXNativeTarget section */

/* Begin PBXProject section */
		9A5891C322BD092F00D3F5DF /* Project object */ = {
			isa = PBXProject;
			attributes = {
				LastSwiftUpdateCheck = 1020;
				LastUpgradeCheck = 1020;
				ORGANIZATIONNAME = com.blablabla;
				TargetAttributes = {
					9A5891CA22BD092F00D3F5DF = {
						CreatedOnToolsVersion = 10.2.1;
					};
				};
			};
			buildConfigurationList = 9A5891C622BD092F00D3F5DF /* Build configuration list for PBXProject "SunCloud" */;
			compatibilityVersion = "Xcode 9.3";
			developmentRegion = en;
			hasScannedForEncodings = 0;
			knownRegions = (
				en,
				Base,
			);
			mainGroup = 9A5891C222BD092F00D3F5DF;
			productRefGroup = 9A5891CC22BD092F00D3F5DF /* Products */;
			projectDirPath = "";
			projectRoot = "";
			targets = (
				9A5891CA22BD092F00D3F5DF /* SunCloud */,
			);
		};
/* End PBXProject section */

/* Begin PBXResourcesBuildPhase section */
		9A5891C922BD092F00D3F5DF /* Resources */ = {
			isa = PBXResourcesBuildPhase;
			buildActionMask = 2147483647;
			files = (
				9A5891D922BD093400D3F5DF /* LaunchScreen.storyboard in Resources */,
				9A5891D622BD093400D3F5DF /* Assets.xcassets in Resources */,
				9A5891D422BD092F00D3F5DF /* Main.storyboard in Resources */,
			);
			runOnlyForDeploymentPostprocessing = 0;
		};
/* End PBXResourcesBuildPhase section */

/* Begin PBXSourcesBuildPhase section */
		9A5891C722BD092F00D3F5DF /* Sources */ = {
			isa = PBXSourcesBuildPhase;
			buildActionMask = 2147483647;
			files = (
				9A5891CF22BD092F00D3F5DF /* AppDelegate.swift in Sources */,
				9A4775DE22BD24CA00B87593 /* WeatherVC.swift in Sources */,
				9A02B5BA22BF8932003CF96D /* WeatherReport.swift in Sources */,
				9A4775DC22BD239300B87593 /* MainVC.swift in Sources */,
			);
			runOnlyForDeploymentPostprocessing = 0;
		};
/* End PBXSourcesBuildPhase section */

/* Begin PBXVariantGroup section */
		9A5891D222BD092F00D3F5DF /* Main.storyboard */ = {
			isa = PBXVariantGroup;
			children = (
				9A5891D322BD092F00D3F5DF /* Base */,
			);
			name = Main.storyboard;
			sourceTree = "<group>";
		};
		9A5891D722BD093400D3F5DF /* LaunchScreen.storyboard */ = {
			isa = PBXVariantGroup;
			children = (
				9A5891D822BD093400D3F5DF /* Base */,
			);
			name = LaunchScreen.storyboard;
			sourceTree = "<group>";
		};
/* End PBXVariantGroup section */

/* Begin XCBuildConfiguration section */
		9A5891DB22BD093400D3F5DF /* Debug */ = {
			isa = XCBuildConfiguration;
			buildSettings = {
				ALWAYS_SEARCH_USER_PATHS = NO;
				CLANG_ANALYZER_NONNULL = YES;
				CLANG_ANALYZER_NUMBER_OBJECT_CONVERSION = YES_AGGRESSIVE;
				CLANG_CXX_LANGUAGE_STANDARD = "gnu++14";
				CLANG_CXX_LIBRARY = "libc++";
				CLANG_ENABLE_MODULES = YES;
				CLANG_ENABLE_OBJC_ARC = YES;
				CLANG_ENABLE_OBJC_WEAK = YES;
				CLANG_WARN_BLOCK_CAPTURE_AUTORELEASING = YES;
				CLANG_WARN_BOOL_CONVERSION = YES;
				CLANG_WARN_COMMA = YES;
				CLANG_WARN_CONSTANT_CONVERSION = YES;
				CLANG_WARN_DEPRECATED_OBJC_IMPLEMENTATIONS = YES;
				CLANG_WARN_DIRECT_OBJC_ISA_USAGE = YES_ERROR;
				CLANG_WARN_DOCUMENTATION_COMMENTS = YES;
				CLANG_WARN_EMPTY_BODY = YES;
				CLANG_WARN_ENUM_CONVERSION = YES;
				CLANG_WARN_INFINITE_RECURSION = YES;
				CLANG_WARN_INT_CONVERSION = YES;
				CLANG_WARN_NON_LITERAL_NULL_CONVERSION = YES;
				CLANG_WARN_OBJC_IMPLICIT_RETAIN_SELF = YES;
				CLANG_WARN_OBJC_LITERAL_CONVERSION = YES;
				CLANG_WARN_OBJC_ROOT_CLASS = YES_ERROR;
				CLANG_WARN_RANGE_LOOP_ANALYSIS = YES;
				CLANG_WARN_STRICT_PROTOTYPES = YES;
				CLANG_WARN_SUSPICIOUS_MOVE = YES;
				CLANG_WARN_UNGUARDED_AVAILABILITY = YES_AGGRESSIVE;
				CLANG_WARN_UNREACHABLE_CODE = YES;
				CLANG_WARN__DUPLICATE_METHOD_MATCH = YES;
				CODE_SIGN_IDENTITY = "iPhone Developer";
				COPY_PHASE_STRIP = NO;
				DEBUG_INFORMATION_FORMAT = dwarf;
				ENABLE_STRICT_OBJC_MSGSEND = YES;
				ENABLE_TESTABILITY = YES;
				GCC_C_LANGUAGE_STANDARD = gnu11;
				GCC_DYNAMIC_NO_PIC = NO;
				GCC_NO_COMMON_BLOCKS = YES;
				GCC_OPTIMIZATION_LEVEL = 0;
				GCC_PREPROCESSOR_DEFINITIONS = (
					"DEBUG=1",
					"$(inherited)",
				);
				GCC_WARN_64_TO_32_BIT_CONVERSION = YES;
				GCC_WARN_ABOUT_RETURN_TYPE = YES_ERROR;
				GCC_WARN_UNDECLARED_SELECTOR = YES;
				GCC_WARN_UNINITIALIZED_AUTOS = YES_AGGRESSIVE;
				GCC_WARN_UNUSED_FUNCTION = YES;
				GCC_WARN_UNUSED_VARIABLE = YES;
				IPHONEOS_DEPLOYMENT_TARGET = 12.2;
				MTL_ENABLE_DEBUG_INFO = INCLUDE_SOURCE;
				MTL_FAST_MATH = YES;
				ONLY_ACTIVE_ARCH = YES;
				SDKROOT = iphoneos;
				SWIFT_ACTIVE_COMPILATION_CONDITIONS = DEBUG;
				SWIFT_OPTIMIZATION_LEVEL = "-Onone";
			};
			name = Debug;
		};
		9A5891DC22BD093400D3F5DF /* Release */ = {
			isa = XCBuildConfiguration;
			buildSettings = {
				ALWAYS_SEARCH_USER_PATHS = NO;
				CLANG_ANALYZER_NONNULL = YES;
				CLANG_ANALYZER_NUMBER_OBJECT_CONVERSION = YES_AGGRESSIVE;
				CLANG_CXX_LANGUAGE_STANDARD = "gnu++14";
				CLANG_CXX_LIBRARY = "libc++";
				CLANG_ENABLE_MODULES = YES;
				CLANG_ENABLE_OBJC_ARC = YES;
				CLANG_ENABLE_OBJC_WEAK = YES;
				CLANG_WARN_BLOCK_CAPTURE_AUTORELEASING = YES;
				CLANG_WARN_BOOL_CONVERSION = YES;
				CLANG_WARN_COMMA = YES;
				CLANG_WARN_CONSTANT_CONVERSION = YES;
				CLANG_WARN_DEPRECATED_OBJC_IMPLEMENTATIONS = YES;
				CLANG_WARN_DIRECT_OBJC_ISA_USAGE = YES_ERROR;
				CLANG_WARN_DOCUMENTATION_COMMENTS = YES;
				CLANG_WARN_EMPTY_BODY = YES;
				CLANG_WARN_ENUM_CONVERSION = YES;
				CLANG_WARN_INFINITE_RECURSION = YES;
				CLANG_WARN_INT_CONVERSION = YES;
				CLANG_WARN_NON_LITERAL_NULL_CONVERSION = YES;
				CLANG_WARN_OBJC_IMPLICIT_RETAIN_SELF = YES;
				CLANG_WARN_OBJC_LITERAL_CONVERSION = YES;
				CLANG_WARN_OBJC_ROOT_CLASS = YES_ERROR;
				CLANG_WARN_RANGE_LOOP_ANALYSIS = YES;
				CLANG_WARN_STRICT_PROTOTYPES = YES;
				CLANG_WARN_SUSPICIOUS_MOVE = YES;
				CLANG_WARN_UNGUARDED_AVAILABILITY = YES_AGGRESSIVE;
				CLANG_WARN_UNREACHABLE_CODE = YES;
				CLANG_WARN__DUPLICATE_METHOD_MATCH = YES;
				CODE_SIGN_IDENTITY = "iPhone Developer";
				COPY_PHASE_STRIP = NO;
				DEBUG_INFORMATION_FORMAT = "dwarf-with-dsym";
				ENABLE_NS_ASSERTIONS = NO;
				ENABLE_STRICT_OBJC_MSGSEND = YES;
				GCC_C_LANGUAGE_STANDARD = gnu11;
				GCC_NO_COMMON_BLOCKS = YES;
				GCC_WARN_64_TO_32_BIT_CONVERSION = YES;
				GCC_WARN_ABOUT_RETURN_TYPE = YES_ERROR;
				GCC_WARN_UNDECLARED_SELECTOR = YES;
				GCC_WARN_UNINITIALIZED_AUTOS = YES_AGGRESSIVE;
				GCC_WARN_UNUSED_FUNCTION = YES;
				GCC_WARN_UNUSED_VARIABLE = YES;
				IPHONEOS_DEPLOYMENT_TARGET = 12.2;
				MTL_ENABLE_DEBUG_INFO = NO;
				MTL_FAST_MATH = YES;
				SDKROOT = iphoneos;
				SWIFT_COMPILATION_MODE = wholemodule;
				SWIFT_OPTIMIZATION_LEVEL = "-O";
				VALIDATE_PRODUCT = YES;
			};
			name = Release;
		};
		9A5891DE22BD093400D3F5DF /* Debug */ = {
			isa = XCBuildConfiguration;
			buildSettings = {
				ASSETCATALOG_COMPILER_APPICON_NAME = AppIcon;
				CODE_SIGN_STYLE = Automatic;
				INFOPLIST_FILE = SunCloud/Info.plist;
				LD_RUNPATH_SEARCH_PATHS = (
					"$(inherited)",
					"@executable_path/Frameworks",
				);
				PRODUCT_BUNDLE_IDENTIFIER = BF.SunCloud;
				PRODUCT_NAME = "$(TARGET_NAME)";
				SWIFT_VERSION = 5.0;
				TARGETED_DEVICE_FAMILY = "1,2";
			};
			name = Debug;
		};
		9A5891DF22BD093400D3F5DF /* Release */ = {
			isa = XCBuildConfiguration;
			buildSettings = {
				ASSETCATALOG_COMPILER_APPICON_NAME = AppIcon;
				CODE_SIGN_STYLE = Automatic;
				INFOPLIST_FILE = SunCloud/Info.plist;
				LD_RUNPATH_SEARCH_PATHS = (
					"$(inherited)",
					"@executable_path/Frameworks",
				);
				PRODUCT_BUNDLE_IDENTIFIER = BF.SunCloud;
				PRODUCT_NAME = "$(TARGET_NAME)";
				SWIFT_VERSION = 5.0;
				TARGETED_DEVICE_FAMILY = "1,2";
			};
			name = Release;
		};
/* End XCBuildConfiguration section */

/* Begin XCConfigurationList section */
		9A5891C622BD092F00D3F5DF /* Build configuration list for PBXProject "SunCloud" */ = {
			isa = XCConfigurationList;
			buildConfigurations = (
				9A5891DB22BD093400D3F5DF /* Debug */,
				9A5891DC22BD093400D3F5DF /* Release */,
			);
			defaultConfigurationIsVisible = 0;
			defaultConfigurationName = Release;
		};
		9A5891DD22BD093400D3F5DF /* Build configuration list for PBXNativeTarget "SunCloud" */ = {
			isa = XCConfigurationList;
			buildConfigurations = (
				9A5891DE22BD093400D3F5DF /* Debug */,
				9A5891DF22BD093400D3F5DF /* Release */,
			);
			defaultConfigurationIsVisible = 0;
			defaultConfigurationName = Release;
		};
/* End XCConfigurationList section */
	};
	rootObject = 9A5891C322BD092F00D3F5DF /* Project object */;
}
